<?xml version="1.0" encoding="utf-8"?>
<Project ToolsVersion="4.0" xmlns="http://schemas.microsoft.com/developer/msbuild/2003">
  <ItemGroup>
    <Filter Include="Source Files">
      <UniqueIdentifier>{4FC737F1-C7A5-4376-A066-2A32D752A2FF}</UniqueIdentifier>
      <Extensions>cpp;c;cc;cxx;c++;cppm;ixx;def;odl;idl;hpj;bat;asm;asmx</Extensions>
    </Filter>
    <Filter Include="Header Files">
      <UniqueIdentifier>{93995380-89BD-4b04-88EB-625FBE52EBFB}</UniqueIdentifier>
      <Extensions>h;hh;hpp;hxx;h++;hm;inl;inc;ipp;xsd</Extensions>
    </Filter>
    <Filter Include="Resource Files">
      <UniqueIdentifier>{67DA6AB6-F800-4c08-8B7A-83BB121AAD01}</UniqueIdentifier>
      <Extensions>rc;ico;cur;bmp;dlg;rc2;rct;bin;rgs;gif;jpg;jpeg;jpe;resx;tiff;tif;png;wav;mfcribbon-ms</Extensions>
    </Filter>
    <Filter Include="Header Files\Shader">
      <UniqueIdentifier>{c35cf23d-6f6f-4ad1-b7b8-92027d5b516a}</UniqueIdentifier>
    </Filter>
    <Filter Include="Header Files\Input">
      <UniqueIdentifier>{b9644923-8ee0-4568-8ab2-c8a90603023f}</UniqueIdentifier>
    </Filter>
    <Filter Include="Source Files\Input">
      <UniqueIdentifier>{e65f0ffc-b77a-40f9-8c9e-cd13fa1e8523}</UniqueIdentifier>
    </Filter>
    <Filter Include="Source Files\Exceptions">
      <UniqueIdentifier>{c0d35f90-49a6-4bb2-b0e9-b0c09f0f5e7d}</UniqueIdentifier>
    </Filter>
    <Filter Include="Header Files\Exceptions">
      <UniqueIdentifier>{c871bbad-d3c3-4130-84a8-864973ca5c9c}</UniqueIdentifier>
    </Filter>
    <Filter Include="Header Files\Graphics">
      <UniqueIdentifier>{92b0b269-c1b7-4a82-a1e2-fdeb32ef6405}</UniqueIdentifier>
    </Filter>
    <Filter Include="Source Files\Graphics">
      <UniqueIdentifier>{a0bf3dd8-9d48-4739-a0ad-96c276877b21}</UniqueIdentifier>
    </Filter>
    <Filter Include="Source Files\Windows">
      <UniqueIdentifier>{0165f718-a7d4-4b82-8a58-530e5259e9cc}</UniqueIdentifier>
    </Filter>
    <Filter Include="Header Files\Windows">
      <UniqueIdentifier>{feed864a-a4bf-4c7d-8933-61c17b9ebe77}</UniqueIdentifier>
    </Filter>
    <Filter Include="Header Files\Drawable">
      <UniqueIdentifier>{d03668e3-cf20-43cd-9e8d-42e2042f1a73}</UniqueIdentifier>
    </Filter>
    <Filter Include="Header Files\Bindable">
      <UniqueIdentifier>{3410f11d-cdb7-4ba4-8045-f0622d799dff}</UniqueIdentifier>
    </Filter>
    <Filter Include="Source Files\Drawable">
      <UniqueIdentifier>{0efd5ace-804c-4785-a4a9-c572629be08d}</UniqueIdentifier>
    </Filter>
    <Filter Include="Source Files\Bindable">
      <UniqueIdentifier>{71dd399b-5c72-4ed2-b47d-b714aeacb941}</UniqueIdentifier>
    </Filter>
    <Filter Include="Source Files\Bindable\Buffer">
      <UniqueIdentifier>{fee2a354-35fa-4a71-8032-f38a298dcf83}</UniqueIdentifier>
    </Filter>
    <Filter Include="Header Files\Bindable\Buffer">
      <UniqueIdentifier>{0bed5073-ae89-42f1-847f-ea580f870353}</UniqueIdentifier>
    </Filter>
    <Filter Include="Source Files\Bindable\Shader">
      <UniqueIdentifier>{b8487167-657d-4806-8548-83bcf6c515bb}</UniqueIdentifier>
    </Filter>
    <Filter Include="Header Files\Bindable\Shader">
      <UniqueIdentifier>{26f24eab-ffb8-44a5-8d45-8c35200ff2c3}</UniqueIdentifier>
    </Filter>
    <Filter Include="Header Files\Bindable\Buffer\Constant">
      <UniqueIdentifier>{637d12a9-6a51-408f-bda9-26f2aee0872d}</UniqueIdentifier>
    </Filter>
    <Filter Include="Source Files\Bindable\Buffer\Constant">
      <UniqueIdentifier>{9960a7d9-b661-44fd-991b-94eae4ceeb72}</UniqueIdentifier>
    </Filter>
    <Filter Include="Header Files\Drawable\Shape">
      <UniqueIdentifier>{83c6f655-5f7c-487b-a021-b7db57932daf}</UniqueIdentifier>
    </Filter>
    <Filter Include="Source Files\Drawable\Shape">
      <UniqueIdentifier>{b27e98c0-af5c-4e39-826a-9efeb8a5d7e7}</UniqueIdentifier>
    </Filter>
  </ItemGroup>
  <ItemGroup>
    <ClCompile Include="Source\Private\App\MXApp.cpp">
      <Filter>Source Files</Filter>
    </ClCompile>
    <ClCompile Include="Source\Private\Input\MXMouseHandle.cpp">
      <Filter>Source Files\Input</Filter>
    </ClCompile>
    <ClCompile Include="Source\Private\Input\MXKeyboardHandle.cpp">
      <Filter>Source Files\Input</Filter>
    </ClCompile>
    <ClCompile Include="Source\Private\Exceptions\MXException.cpp">
      <Filter>Source Files\Exceptions</Filter>
    </ClCompile>
    <ClCompile Include="Source\Private\Exceptions\MXWindowException.cpp">
      <Filter>Source Files\Exceptions</Filter>
    </ClCompile>
    <ClCompile Include="Source\Private\Graphics\MXGraphics.cpp">
      <Filter>Source Files\Graphics</Filter>
    </ClCompile>
    <ClCompile Include="Source\Private\Graphics\MXGraphicsTypes.cpp">
      <Filter>Source Files\Graphics</Filter>
    </ClCompile>
    <ClCompile Include="Source\Private\Windows\WinMain.cpp">
      <Filter>Source Files\Windows</Filter>
    </ClCompile>
    <ClCompile Include="Source\Private\Windows\MXWindow.cpp">
      <Filter>Source Files\Windows</Filter>
    </ClCompile>
    <ClCompile Include="Source\Private\Bindable\Bindable.cpp">
      <Filter>Source Files\Bindable</Filter>
    </ClCompile>
    <ClCompile Include="Source\Private\Drawable\Drawable.cpp">
      <Filter>Source Files\Drawable</Filter>
    </ClCompile>
    <ClCompile Include="Source\Private\Bindable\Buffer\IndexBuffer.cpp">
      <Filter>Source Files\Bindable\Buffer</Filter>
    </ClCompile>
    <ClCompile Include="Source\Private\Bindable\Buffer\VertexBuffer.cpp">
      <Filter>Source Files\Bindable\Buffer</Filter>
    </ClCompile>
    <ClCompile Include="Source\Private\Bindable\Buffer\Constant\TransformConstantBuffer.cpp">
      <Filter>Source Files\Bindable\Buffer\Constant</Filter>
    </ClCompile>
    <ClCompile Include="Source\Private\Bindable\InputLayout.cpp">
      <Filter>Source Files\Bindable</Filter>
    </ClCompile>
    <ClCompile Include="Source\Private\Bindable\Topology.cpp">
      <Filter>Source Files\Bindable</Filter>
    </ClCompile>
    <ClCompile Include="Source\Private\Drawable\Shape\Box.cpp">
      <Filter>Source Files\Drawable\Shape</Filter>
    </ClCompile>
    <ClCompile Include="Source\Private\Bindable\Shader\PixelShader.cpp">
      <Filter>Source Files\Bindable\Shader</Filter>
    </ClCompile>
    <ClCompile Include="Source\Private\Bindable\Shader\ShaderBase.cpp">
      <Filter>Source Files\Bindable\Shader</Filter>
    </ClCompile>
    <ClCompile Include="Source\Private\Bindable\Shader\VertexShader.cpp">
      <Filter>Source Files\Bindable\Shader</Filter>
    </ClCompile>
    <ClCompile Include="Source\Private\Drawable\DrawableStaticBase.cpp">
      <Filter>Source Files\Drawable</Filter>
    </ClCompile>
  </ItemGroup>
  <ItemGroup>
    <ClInclude Include="resource.h">
      <Filter>Header Files</Filter>
    </ClInclude>
    <ClInclude Include="Source\Public\App\MXApp.h">
      <Filter>Header Files</Filter>
    </ClInclude>
    <ClInclude Include="Source\Public\Input\MXKeyboardHandle.h">
      <Filter>Header Files\Input</Filter>
    </ClInclude>
    <ClInclude Include="Source\Public\Input\MXMouseHandle.h">
      <Filter>Header Files\Input</Filter>
    </ClInclude>
    <ClInclude Include="Source\Public\Exceptions\MXWindowException.h">
      <Filter>Header Files\Exceptions</Filter>
    </ClInclude>
    <ClInclude Include="Source\Public\Exceptions\MXException.h">
      <Filter>Header Files\Exceptions</Filter>
    </ClInclude>
    <ClInclude Include="Source\Public\Graphics\MXGraphics.h">
      <Filter>Header Files\Graphics</Filter>
    </ClInclude>
    <ClInclude Include="Source\Public\Graphics\MXGraphicsTypes.h">
      <Filter>Header Files\Graphics</Filter>
    </ClInclude>
    <ClInclude Include="Source\Public\Windows\MXWindow.h">
      <Filter>Header Files\Windows</Filter>
    </ClInclude>
    <ClInclude Include="Source\Public\Windows\MXWindowsSetup.h">
      <Filter>Header Files\Windows</Filter>
    </ClInclude>
    <ClInclude Include="Source\Public\Drawable\Drawable.h">
      <Filter>Header Files\Drawable</Filter>
    </ClInclude>
    <ClInclude Include="Source\Public\Bindable\Bindable.h">
      <Filter>Header Files\Bindable</Filter>
    </ClInclude>
    <ClInclude Include="Source\Public\Bindable\Buffer\IndexBuffer.h">
      <Filter>Header Files\Bindable\Buffer</Filter>
    </ClInclude>
    <ClInclude Include="Source\Public\Bindable\Buffer\VertexBuffer.h">
      <Filter>Header Files\Bindable\Buffer</Filter>
    </ClInclude>
    <ClInclude Include="Source\Public\Bindable\Buffer\Constant\TransformConstantBuffer.h">
      <Filter>Header Files\Bindable\Buffer\Constant</Filter>
    </ClInclude>
    <ClInclude Include="Source\Public\Bindable\InputLayout.h">
      <Filter>Header Files\Bindable</Filter>
    </ClInclude>
    <ClInclude Include="Source\Public\Bindable\Topology.h">
      <Filter>Header Files\Bindable</Filter>
    </ClInclude>
    <ClInclude Include="Source\Public\Drawable\Shape\Box.h">
      <Filter>Header Files\Drawable\Shape</Filter>
    </ClInclude>
    <ClInclude Include="Source\Public\Bindable\Shader\PixelShader.h">
      <Filter>Header Files\Bindable\Shader</Filter>
    </ClInclude>
    <ClInclude Include="Source\Public\Bindable\Shader\ShaderBase.h">
      <Filter>Header Files\Bindable\Shader</Filter>
    </ClInclude>
    <ClInclude Include="Source\Public\Bindable\Shader\VertexShader.h">
      <Filter>Header Files\Bindable\Shader</Filter>
    </ClInclude>
    <ClInclude Include="Source\Public\Bindable\Buffer\Constant\ConstantBuffer.h">
      <Filter>Header Files\Bindable\Buffer\Constant</Filter>
    </ClInclude>
    <ClInclude Include="Source\Public\Drawable\DrawableStaticBase.h">
      <Filter>Header Files\Drawable</Filter>
    </ClInclude>
  </ItemGroup>
  <ItemGroup>
    <ResourceCompile Include="DirectX11.rc">
      <Filter>Resource Files</Filter>
    </ResourceCompile>
  </ItemGroup>
  <ItemGroup>
    <Image Include="CoolIcon.ico">
      <Filter>Resource Files</Filter>
    </Image>
  </ItemGroup>
  <ItemGroup>
    <FxCompile Include="Shader\VertexShader.hlsl">
      <Filter>Header Files\Shader</Filter>
    </FxCompile>
    <FxCompile Include="Shader\PixelShader.hlsl">
      <Filter>Header Files\Shader</Filter>
    </FxCompile>
  </ItemGroup>
</Project>